
Microsoft Visual Studio Solution File, Format Version 12.00
# Visual Studio Version 16
VisualStudioVersion = 16.0.30804.86
MinimumVisualStudioVersion = 15.0.26124.0
Project("{2150E333-8FDC-42A3-9474-1A3956D46DE8}") = "Web", "Web", "{AD74AB67-EEF0-42BD-B513-5BC80B35AAEB}"
EndProject
Project("{2150E333-8FDC-42A3-9474-1A3956D46DE8}") = "Services", "Services", "{8E87EC3D-6EFE-4B80-9393-CA3ABA2E919D}"
EndProject
Project("{2150E333-8FDC-42A3-9474-1A3956D46DE8}") = "src", "src", "{65FC196C-FF95-49FE-AD56-D229FCDD3243}"
EndProject
Project("{9A19103F-16F7-4668-BE54-9A1E7A4F7556}") = "ClinicAnywhere.WASM", "Web\WASM\ClinicAnywhere.WASM.csproj", "{2E8075D6-0EF7-4481-98C0-74F1B57339DD}"
EndProject
Project("{2150E333-8FDC-42A3-9474-1A3956D46DE8}") = "Authentication", "Authentication", "{A4EDC135-4BFA-4D4B-99B7-7D6DE6BB5016}"
EndProject
Project("{9A19103F-16F7-4668-BE54-9A1E7A4F7556}") = "Authentication.API", "Services\Authentication\AuthenticationAPI\Authentication.API.csproj", "{67AFD979-D86C-44FA-A889-61B015AD68F0}"
EndProject
Project("{2150E333-8FDC-42A3-9474-1A3956D46DE8}") = "Document", "Document", "{032F9872-E79A-4DAD-98D8-E8A084E501CA}"
EndProject
Project("{9A19103F-16F7-4668-BE54-9A1E7A4F7556}") = "Document.API", "Services\Document\DocumentAPI\Document.API.csproj", "{A04F1C96-CCAD-4AF9-B6CB-5C1096172096}"
EndProject
Project("{2150E333-8FDC-42A3-9474-1A3956D46DE8}") = "Form", "Form", "{03D9C7B1-CBC2-4D33-AF2C-86BE2DEDD823}"
EndProject
Project("{9A19103F-16F7-4668-BE54-9A1E7A4F7556}") = "Form.API", "Services\Form\FormAPI\Form.API.csproj", "{D776F69A-1F3D-4397-BDAD-86750D3E691B}"
EndProject
Project("{2150E333-8FDC-42A3-9474-1A3956D46DE8}") = "Masterdata", "Masterdata", "{DF8C5E28-9357-427F-BC5D-9B895E199361}"
EndProject
Project("{9A19103F-16F7-4668-BE54-9A1E7A4F7556}") = "Masterdata.API", "Services\Masterdata\MasterdataAPI\Masterdata.API.csproj", "{0098BBF6-243F-4E31-BADF-05D6C318AFB3}"
EndProject
Global
	GlobalSection(SolutionConfigurationPlatforms) = preSolution
		Debug|Any CPU = Debug|Any CPU
		Debug|x64 = Debug|x64
		Debug|x86 = Debug|x86
		Release|Any CPU = Release|Any CPU
		Release|x64 = Release|x64
		Release|x86 = Release|x86
	EndGlobalSection
	GlobalSection(ProjectConfigurationPlatforms) = postSolution
		{2E8075D6-0EF7-4481-98C0-74F1B57339DD}.Debug|Any CPU.ActiveCfg = Debug|Any CPU
		{2E8075D6-0EF7-4481-98C0-74F1B57339DD}.Debug|Any CPU.Build.0 = Debug|Any CPU
		{2E8075D6-0EF7-4481-98C0-74F1B57339DD}.Debug|x64.ActiveCfg = Debug|Any CPU
		{2E8075D6-0EF7-4481-98C0-74F1B57339DD}.Debug|x64.Build.0 = Debug|Any CPU
		{2E8075D6-0EF7-4481-98C0-74F1B57339DD}.Debug|x86.ActiveCfg = Debug|Any CPU
		{2E8075D6-0EF7-4481-98C0-74F1B57339DD}.Debug|x86.Build.0 = Debug|Any CPU
		{2E8075D6-0EF7-4481-98C0-74F1B57339DD}.Release|Any CPU.ActiveCfg = Release|Any CPU
		{2E8075D6-0EF7-4481-98C0-74F1B57339DD}.Release|Any CPU.Build.0 = Release|Any CPU
		{2E8075D6-0EF7-4481-98C0-74F1B57339DD}.Release|x64.ActiveCfg = Release|Any CPU
		{2E8075D6-0EF7-4481-98C0-74F1B57339DD}.Release|x64.Build.0 = Release|Any CPU
		{2E8075D6-0EF7-4481-98C0-74F1B57339DD}.Release|x86.ActiveCfg = Release|Any CPU
		{2E8075D6-0EF7-4481-98C0-74F1B57339DD}.Release|x86.Build.0 = Release|Any CPU
		{67AFD979-D86C-44FA-A889-61B015AD68F0}.Debug|Any CPU.ActiveCfg = Debug|Any CPU
		{67AFD979-D86C-44FA-A889-61B015AD68F0}.Debug|Any CPU.Build.0 = Debug|Any CPU
		{67AFD979-D86C-44FA-A889-61B015AD68F0}.Debug|x64.ActiveCfg = Debug|Any CPU
		{67AFD979-D86C-44FA-A889-61B015AD68F0}.Debug|x64.Build.0 = Debug|Any CPU
		{67AFD979-D86C-44FA-A889-61B015AD68F0}.Debug|x86.ActiveCfg = Debug|Any CPU
		{67AFD979-D86C-44FA-A889-61B015AD68F0}.Debug|x86.Build.0 = Debug|Any CPU
		{67AFD979-D86C-44FA-A889-61B015AD68F0}.Release|Any CPU.ActiveCfg = Release|Any CPU
		{67AFD979-D86C-44FA-A889-61B015AD68F0}.Release|Any CPU.Build.0 = Release|Any CPU
		{67AFD979-D86C-44FA-A889-61B015AD68F0}.Release|x64.ActiveCfg = Release|Any CPU
		{67AFD979-D86C-44FA-A889-61B015AD68F0}.Release|x64.Build.0 = Release|Any CPU
		{67AFD979-D86C-44FA-A889-61B015AD68F0}.Release|x86.ActiveCfg = Release|Any CPU
		{67AFD979-D86C-44FA-A889-61B015AD68F0}.Release|x86.Build.0 = Release|Any CPU
		{A04F1C96-CCAD-4AF9-B6CB-5C1096172096}.Debug|Any CPU.ActiveCfg = Debug|Any CPU
		{A04F1C96-CCAD-4AF9-B6CB-5C1096172096}.Debug|Any CPU.Build.0 = Debug|Any CPU
		{A04F1C96-CCAD-4AF9-B6CB-5C1096172096}.Debug|x64.ActiveCfg = Debug|Any CPU
		{A04F1C96-CCAD-4AF9-B6CB-5C1096172096}.Debug|x64.Build.0 = Debug|Any CPU
		{A04F1C96-CCAD-4AF9-B6CB-5C1096172096}.Debug|x86.ActiveCfg = Debug|Any CPU
		{A04F1C96-CCAD-4AF9-B6CB-5C1096172096}.Debug|x86.Build.0 = Debug|Any CPU
		{A04F1C96-CCAD-4AF9-B6CB-5C1096172096}.Release|Any CPU.ActiveCfg = Release|Any CPU
		{A04F1C96-CCAD-4AF9-B6CB-5C1096172096}.Release|Any CPU.Build.0 = Release|Any CPU
		{A04F1C96-CCAD-4AF9-B6CB-5C1096172096}.Release|x64.ActiveCfg = Release|Any CPU
		{A04F1C96-CCAD-4AF9-B6CB-5C1096172096}.Release|x64.Build.0 = Release|Any CPU
		{A04F1C96-CCAD-4AF9-B6CB-5C1096172096}.Release|x86.ActiveCfg = Release|Any CPU
		{A04F1C96-CCAD-4AF9-B6CB-5C1096172096}.Release|x86.Build.0 = Release|Any CPU
		{D776F69A-1F3D-4397-BDAD-86750D3E691B}.Debug|Any CPU.ActiveCfg = Debug|Any CPU
		{D776F69A-1F3D-4397-BDAD-86750D3E691B}.Debug|Any CPU.Build.0 = Debug|Any CPU
		{D776F69A-1F3D-4397-BDAD-86750D3E691B}.Debug|x64.ActiveCfg = Debug|Any CPU
		{D776F69A-1F3D-4397-BDAD-86750D3E691B}.Debug|x64.Build.0 = Debug|Any CPU
		{D776F69A-1F3D-4397-BDAD-86750D3E691B}.Debug|x86.ActiveCfg = Debug|Any CPU
		{D776F69A-1F3D-4397-BDAD-86750D3E691B}.Debug|x86.Build.0 = Debug|Any CPU
		{D776F69A-1F3D-4397-BDAD-86750D3E691B}.Release|Any CPU.ActiveCfg = Release|Any CPU
		{D776F69A-1F3D-4397-BDAD-86750D3E691B}.Release|Any CPU.Build.0 = Release|Any CPU
		{D776F69A-1F3D-4397-BDAD-86750D3E691B}.Release|x64.ActiveCfg = Release|Any CPU
		{D776F69A-1F3D-4397-BDAD-86750D3E691B}.Release|x64.Build.0 = Release|Any CPU
		{D776F69A-1F3D-4397-BDAD-86750D3E691B}.Release|x86.ActiveCfg = Release|Any CPU
		{D776F69A-1F3D-4397-BDAD-86750D3E691B}.Release|x86.Build.0 = Release|Any CPU
		{0098BBF6-243F-4E31-BADF-05D6C318AFB3}.Debug|Any CPU.ActiveCfg = Debug|Any CPU
		{0098BBF6-243F-4E31-BADF-05D6C318AFB3}.Debug|Any CPU.Build.0 = Debug|Any CPU
		{0098BBF6-243F-4E31-BADF-05D6C318AFB3}.Debug|x64.ActiveCfg = Debug|Any CPU
		{0098BBF6-243F-4E31-BADF-05D6C318AFB3}.Debug|x64.Build.0 = Debug|Any CPU
		{0098BBF6-243F-4E31-BADF-05D6C318AFB3}.Debug|x86.ActiveCfg = Debug|Any CPU
		{0098BBF6-243F-4E31-BADF-05D6C318AFB3}.Debug|x86.Build.0 = Debug|Any CPU
		{0098BBF6-243F-4E31-BADF-05D6C318AFB3}.Release|Any CPU.ActiveCfg = Release|Any CPU
		{0098BBF6-243F-4E31-BADF-05D6C318AFB3}.Release|Any CPU.Build.0 = Release|Any CPU
		{0098BBF6-243F-4E31-BADF-05D6C318AFB3}.Release|x64.ActiveCfg = Release|Any CPU
		{0098BBF6-243F-4E31-BADF-05D6C318AFB3}.Release|x64.Build.0 = Release|Any CPU
		{0098BBF6-243F-4E31-BADF-05D6C318AFB3}.Release|x86.ActiveCfg = Release|Any CPU
		{0098BBF6-243F-4E31-BADF-05D6C318AFB3}.Release|x86.Build.0 = Release|Any CPU
	EndGlobalSection
	GlobalSection(SolutionProperties) = preSolution
		HideSolutionNode = FALSE
	EndGlobalSection
	GlobalSection(NestedProjects) = preSolution
		{AD74AB67-EEF0-42BD-B513-5BC80B35AAEB} = {65FC196C-FF95-49FE-AD56-D229FCDD3243}
		{8E87EC3D-6EFE-4B80-9393-CA3ABA2E919D} = {65FC196C-FF95-49FE-AD56-D229FCDD3243}
		{2E8075D6-0EF7-4481-98C0-74F1B57339DD} = {AD74AB67-EEF0-42BD-B513-5BC80B35AAEB}
		{A4EDC135-4BFA-4D4B-99B7-7D6DE6BB5016} = {8E87EC3D-6EFE-4B80-9393-CA3ABA2E919D}
		{67AFD979-D86C-44FA-A889-61B015AD68F0} = {A4EDC135-4BFA-4D4B-99B7-7D6DE6BB5016}
		{032F9872-E79A-4DAD-98D8-E8A084E501CA} = {8E87EC3D-6EFE-4B80-9393-CA3ABA2E919D}
		{A04F1C96-CCAD-4AF9-B6CB-5C1096172096} = {032F9872-E79A-4DAD-98D8-E8A084E501CA}
		{03D9C7B1-CBC2-4D33-AF2C-86BE2DEDD823} = {8E87EC3D-6EFE-4B80-9393-CA3ABA2E919D}
		{D776F69A-1F3D-4397-BDAD-86750D3E691B} = {03D9C7B1-CBC2-4D33-AF2C-86BE2DEDD823}
		{DF8C5E28-9357-427F-BC5D-9B895E199361} = {8E87EC3D-6EFE-4B80-9393-CA3ABA2E919D}
		{0098BBF6-243F-4E31-BADF-05D6C318AFB3} = {DF8C5E28-9357-427F-BC5D-9B895E199361}
	EndGlobalSection
	GlobalSection(ExtensibilityGlobals) = postSolution
		SolutionGuid = {6B08A289-A7F6-45F1-BFE6-A73D9EC53C40}
	EndGlobalSection
EndGlobal
